
Microsoft Visual Studio Solution File, Format Version 12.00
# Visual Studio Version 16
VisualStudioVersion = 16.0.30517.126
MinimumVisualStudioVersion = 10.0.40219.1
Project("{FAE04EC0-301F-11D3-BF4B-00C04F79EFBC}") = "Lab5", "Lab5\Lab5.csproj", "{89B5F9A6-D17E-42B3-B82B-E1F3B8642E77}"
EndProject
Global
	GlobalSection(SolutionConfigurationPlatforms) = preSolution
		Debug|Any CPU = Debug|Any CPU
		Release|Any CPU = Release|Any CPU
	EndGlobalSection
	GlobalSection(ProjectConfigurationPlatforms) = postSolution
		{89B5F9A6-D17E-42B3-B82B-E1F3B8642E77}.Debug|Any CPU.ActiveCfg = Debug|Any CPU
		{89B5F9A6-D17E-42B3-B82B-E1F3B8642E77}.Debug|Any CPU.Build.0 = Debug|Any CPU
		{89B5F9A6-D17E-42B3-B82B-E1F3B8642E77}.Release|Any CPU.ActiveCfg = Release|Any CPU
		{89B5F9A6-D17E-42B3-B82B-E1F3B8642E77}.Release|Any CPU.Build.0 = Release|Any CPU
	EndGlobalSection
	GlobalSection(SolutionProperties) = preSolution
		HideSolutionNode = FALSE
	EndGlobalSection
	GlobalSection(ExtensibilityGlobals) = postSolution
		SolutionGuid = {FDA790EE-AA9A-40E0-B063-CED613439758}
	EndGlobalSection
EndGlobal
